schema: '2.0'
stages:
  DataIngestion:
    cmd: python src\Pipeline\s1_dataIngestion.py
    deps:
    - path: src\Pipeline\s1_dataIngestion.py
      hash: md5
      md5: a2f100f26f09e944e41521480de8ab1d
      size: 1283
    outs:
    - path: Data\01_RawData\Airline.csv
      hash: md5
      md5: e968031f6686a71a8ce6e4ce64b3c34e
      size: 1089598
  DataCleaning:
    cmd: python src\Pipeline\s2_Data_Cleaning.py
    deps:
    - path: Data\01_RawData\Airline.csv
      hash: md5
      md5: e968031f6686a71a8ce6e4ce64b3c34e
      size: 1089598
    - path: src\Pipeline\s2_Data_Cleaning.py
      hash: md5
      md5: 3462837585f8db5fbd3ccf416d629969
      size: 6542
    outs:
    - path: Data\02_CleanedData\CleanedData.csv
      hash: md5
      md5: 2763dd87ba6ad209672cfdfd369b68ed
      size: 688471
  RemoveOutliers:
    cmd: python src\Pipeline\s3_RemoveOutliers.py
    deps:
    - path: Data\02_CleanedData\CleanedData.csv
      hash: md5
      md5: 2763dd87ba6ad209672cfdfd369b68ed
      size: 688471
    - path: constants.yaml
      hash: md5
      md5: e035fe839d49104bf5db5d9b83a55953
      size: 469
    - path: src\Pipeline\s3_RemoveOutliers.py
      hash: md5
      md5: 3056c80fe8d030ff8c1952663d96c90e
      size: 1717
    outs:
    - path: Data\03_noOutlierData\noOutlierDataFile.csv
      hash: md5
      md5: 9d83b70492bb0a540fd8e800633d0489
      size: 645354
  Encoder_N_Scaler:
    cmd: python src\Pipeline\s4_Encoding.py
    deps:
    - path: Data\03_noOutlierData\noOutlierDataFile.csv
      hash: md5
      md5: 9d83b70492bb0a540fd8e800633d0489
      size: 645354
    - path: constants.yaml
      hash: md5
      md5: e035fe839d49104bf5db5d9b83a55953
      size: 469
    - path: src\Pipeline\s4_Encoding.py
      hash: md5
      md5: 4f9463f4ddcb9316d0cc0039c1cbc1c5
      size: 3467
    outs:
    - path: Data\04_encoded_Data\X_test.csv
      hash: md5
      md5: ea5d7850b474a350926b6bac3297ab32
      size: 472650
    - path: Data\04_encoded_Data\X_train.csv
      hash: md5
      md5: d6b2b80fa83c0f48483ee16f81beb7c4
      size: 1415837
    - path: Data\04_encoded_Data\y_test.csv
      hash: md5
      md5: e44fcb8ce1e814565f2abc21f8285df4
      size: 16021
    - path: Data\04_encoded_Data\y_train.csv
      hash: md5
      md5: a826e41e887eafc91573b2e4b883b144
      size: 48104
  Model_Training:
    cmd: python src\Pipeline\s5_Model_Training.py
    deps:
    - path: Data\04_encoded_Data\X_test.csv
      hash: md5
      md5: ea5d7850b474a350926b6bac3297ab32
      size: 472650
    - path: Data\04_encoded_Data\X_train.csv
      hash: md5
      md5: d6b2b80fa83c0f48483ee16f81beb7c4
      size: 1415837
    - path: Data\04_encoded_Data\y_train.csv
      hash: md5
      md5: a826e41e887eafc91573b2e4b883b144
      size: 48104
    - path: constants.yaml
      hash: md5
      md5: e035fe839d49104bf5db5d9b83a55953
      size: 469
    - path: modelsParams.yaml
      hash: md5
      md5: 7fef5e90e529c5bdb587faa02872e727
      size: 369
    - path: src\Pipeline\s5_Model_Training.py
      hash: md5
      md5: a910e41010326dd47f9844389ba052ee
      size: 6206
    outs:
    - path: reports\experiment_info.json
      hash: md5
      md5: 7ce60a40dc921c890a06040f71dcf39a
      size: 82
  Register_Model:
    cmd: python src\Pipeline\s6_register_model.py
    deps:
    - path: reports\experiment_info.json
      hash: md5
      md5: 7ce60a40dc921c890a06040f71dcf39a
      size: 82
    - path: src\Pipeline\s6_register_model.py
      hash: md5
      md5: a121b1a761bfb53d48db69b0bce43fc9
      size: 1853
